
Microsoft Visual Studio Solution File, Format Version 12.00
# Visual Studio Version 17
VisualStudioVersion = 17.5.33530.505
MinimumVisualStudioVersion = 10.0.40219.1
Project("{FAE04EC0-301F-11D3-BF4B-00C04F79EFBC}") = "Droll", "Droll\Droll.csproj", "{EFFD753E-E354-45C5-BA6C-EDDC221248FC}"
EndProject
Global
	GlobalSection(SolutionConfigurationPlatforms) = preSolution
		Debug|Any CPU = Debug|Any CPU
		Release|Any CPU = Release|Any CPU
	EndGlobalSection
	GlobalSection(ProjectConfigurationPlatforms) = postSolution
		{EFFD753E-E354-45C5-BA6C-EDDC221248FC}.Debug|Any CPU.ActiveCfg = Debug|Any CPU
		{EFFD753E-E354-45C5-BA6C-EDDC221248FC}.Debug|Any CPU.Build.0 = Debug|Any CPU
		{EFFD753E-E354-45C5-BA6C-EDDC221248FC}.Release|Any CPU.ActiveCfg = Release|Any CPU
		{EFFD753E-E354-45C5-BA6C-EDDC221248FC}.Release|Any CPU.Build.0 = Release|Any CPU
	EndGlobalSection
	GlobalSection(SolutionProperties) = preSolution
		HideSolutionNode = FALSE
	EndGlobalSection
	GlobalSection(ExtensibilityGlobals) = postSolution
		SolutionGuid = {8AADF71E-35CA-4644-B4AD-5E6BC4563588}
	EndGlobalSection
EndGlobal
